
Microsoft Visual Studio Solution File, Format Version 12.00
# Visual Studio 14
VisualStudioVersion = 14.0.25123.0
MinimumVisualStudioVersion = 10.0.40219.1
Project("{FAE04EC0-301F-11D3-BF4B-00C04F79EFBC}") = "Compare-NET-Objects", "Compare-NET-Objects\Compare-NET-Objects.csproj", "{94F1F5F2-6BC4-464B-AC51-FBDB4FA3F3AD}"
EndProject
Project("{FAE04EC0-301F-11D3-BF4B-00C04F79EFBC}") = "Compare-NET-Objects-Tests", "Compare-NET-Objects-Tests\Compare-NET-Objects-Tests.csproj", "{060A9EDD-A1D8-4593-9605-F85932168B92}"
EndProject
Global
	GlobalSection(SolutionConfigurationPlatforms) = preSolution
		Debug|Any CPU = Debug|Any CPU
		Debug|ARM = Debug|ARM
		Debug|x64 = Debug|x64
		Debug|x86 = Debug|x86
		Release|Any CPU = Release|Any CPU
		Release|ARM = Release|ARM
		Release|x64 = Release|x64
		Release|x86 = Release|x86
	EndGlobalSection
	GlobalSection(ProjectConfigurationPlatforms) = postSolution
		{94F1F5F2-6BC4-464B-AC51-FBDB4FA3F3AD}.Debug|Any CPU.ActiveCfg = Debug|Any CPU
		{94F1F5F2-6BC4-464B-AC51-FBDB4FA3F3AD}.Debug|Any CPU.Build.0 = Debug|Any CPU
		{94F1F5F2-6BC4-464B-AC51-FBDB4FA3F3AD}.Debug|ARM.ActiveCfg = Debug|Any CPU
		{94F1F5F2-6BC4-464B-AC51-FBDB4FA3F3AD}.Debug|ARM.Build.0 = Debug|Any CPU
		{94F1F5F2-6BC4-464B-AC51-FBDB4FA3F3AD}.Debug|x64.ActiveCfg = Debug|Any CPU
		{94F1F5F2-6BC4-464B-AC51-FBDB4FA3F3AD}.Debug|x64.Build.0 = Debug|Any CPU
		{94F1F5F2-6BC4-464B-AC51-FBDB4FA3F3AD}.Debug|x86.ActiveCfg = Debug|Any CPU
		{94F1F5F2-6BC4-464B-AC51-FBDB4FA3F3AD}.Debug|x86.Build.0 = Debug|Any CPU
		{94F1F5F2-6BC4-464B-AC51-FBDB4FA3F3AD}.Release|Any CPU.ActiveCfg = Release|Any CPU
		{94F1F5F2-6BC4-464B-AC51-FBDB4FA3F3AD}.Release|Any CPU.Build.0 = Release|Any CPU
		{94F1F5F2-6BC4-464B-AC51-FBDB4FA3F3AD}.Release|ARM.ActiveCfg = Release|Any CPU
		{94F1F5F2-6BC4-464B-AC51-FBDB4FA3F3AD}.Release|ARM.Build.0 = Release|Any CPU
		{94F1F5F2-6BC4-464B-AC51-FBDB4FA3F3AD}.Release|x64.ActiveCfg = Release|Any CPU
		{94F1F5F2-6BC4-464B-AC51-FBDB4FA3F3AD}.Release|x64.Build.0 = Release|Any CPU
		{94F1F5F2-6BC4-464B-AC51-FBDB4FA3F3AD}.Release|x86.ActiveCfg = Release|Any CPU
		{94F1F5F2-6BC4-464B-AC51-FBDB4FA3F3AD}.Release|x86.Build.0 = Release|Any CPU
		{060A9EDD-A1D8-4593-9605-F85932168B92}.Debug|Any CPU.ActiveCfg = Debug|Any CPU
		{060A9EDD-A1D8-4593-9605-F85932168B92}.Debug|Any CPU.Build.0 = Debug|Any CPU
		{060A9EDD-A1D8-4593-9605-F85932168B92}.Debug|ARM.ActiveCfg = Debug|Any CPU
		{060A9EDD-A1D8-4593-9605-F85932168B92}.Debug|ARM.Build.0 = Debug|Any CPU
		{060A9EDD-A1D8-4593-9605-F85932168B92}.Debug|x64.ActiveCfg = Debug|Any CPU
		{060A9EDD-A1D8-4593-9605-F85932168B92}.Debug|x64.Build.0 = Debug|Any CPU
		{060A9EDD-A1D8-4593-9605-F85932168B92}.Debug|x86.ActiveCfg = Debug|Any CPU
		{060A9EDD-A1D8-4593-9605-F85932168B92}.Debug|x86.Build.0 = Debug|Any CPU
		{060A9EDD-A1D8-4593-9605-F85932168B92}.Release|Any CPU.ActiveCfg = Release|Any CPU
		{060A9EDD-A1D8-4593-9605-F85932168B92}.Release|Any CPU.Build.0 = Release|Any CPU
		{060A9EDD-A1D8-4593-9605-F85932168B92}.Release|ARM.ActiveCfg = Release|Any CPU
		{060A9EDD-A1D8-4593-9605-F85932168B92}.Release|ARM.Build.0 = Release|Any CPU
		{060A9EDD-A1D8-4593-9605-F85932168B92}.Release|x64.ActiveCfg = Release|Any CPU
		{060A9EDD-A1D8-4593-9605-F85932168B92}.Release|x64.Build.0 = Release|Any CPU
		{060A9EDD-A1D8-4593-9605-F85932168B92}.Release|x86.ActiveCfg = Release|Any CPU
		{060A9EDD-A1D8-4593-9605-F85932168B92}.Release|x86.Build.0 = Release|Any CPU
	EndGlobalSection
	GlobalSection(SolutionProperties) = preSolution
		HideSolutionNode = FALSE
	EndGlobalSection
EndGlobal
