
Microsoft Visual Studio Solution File, Format Version 12.00
# Visual Studio 14
VisualStudioVersion = 14.0.25420.1
MinimumVisualStudioVersion = 10.0.40219.1
Project("{FAE04EC0-301F-11D3-BF4B-00C04F79EFBC}") = "Compare-NET-Objects", "Compare-NET-Objects\Compare-NET-Objects.csproj", "{94F1F5F2-6BC4-464B-AC51-FBDB4FA3F3AD}"
EndProject
Project("{FAE04EC0-301F-11D3-BF4B-00C04F79EFBC}") = "Compare-NET-Objects-Tests", "Compare-NET-Objects-Tests\Compare-NET-Objects-Tests.csproj", "{060A9EDD-A1D8-4593-9605-F85932168B92}"
EndProject
Project("{FAE04EC0-301F-11D3-BF4B-00C04F79EFBC}") = "Compare-NET-Objects-Portable", "Compare-NET-Objects-Portable\Compare-NET-Objects-Portable.csproj", "{D8A78AFB-2C88-4A10-8555-210533F769E3}"
EndProject
Project("{2150E333-8FDC-42A3-9474-1A3956D46DE8}") = "Solution Items", "Solution Items", "{4DCD8928-9491-4129-9D80-4B0E83C8C2EB}"
	ProjectSection(SolutionItems) = preProject
		Compare-Net-Objects-NewPcl\global.json = Compare-Net-Objects-NewPcl\global.json
	EndProjectSection
EndProject
Project("{8BB2217D-0F2D-49D1-97BC-3654ED321F3B}") = "Compare-NET-Objects-NewPcl", "Compare-NET-Objects-NewPcl\Compare-NET-Objects-NewPcl.xproj", "{C026FE8B-E72E-4C7B-A89A-30C2DB2F296A}"
EndProject
Project("{8BB2217D-0F2D-49D1-97BC-3654ED321F3B}") = "Compare-NET-Objects-NewPcl-Tests", "Compare-NET-Objects-NewPcl-Tests\Compare-NET-Objects-NewPcl-Tests.xproj", "{57BC44D1-5A46-4000-851A-D858DC98867E}"
EndProject
Project("{8BB2217D-0F2D-49D1-97BC-3654ED321F3B}") = "Compare-NET-Objects-Core", "Compare-NET-Objects-Core\Compare-NET-Objects-Core.xproj", "{0E6E568D-F8B5-45F1-BE02-F54E93FC2D1F}"
EndProject
Global
	GlobalSection(SolutionConfigurationPlatforms) = preSolution
		Debug|Any CPU = Debug|Any CPU
		Debug|ARM = Debug|ARM
		Debug|x64 = Debug|x64
		Debug|x86 = Debug|x86
		Release|Any CPU = Release|Any CPU
		Release|ARM = Release|ARM
		Release|x64 = Release|x64
		Release|x86 = Release|x86
	EndGlobalSection
	GlobalSection(ProjectConfigurationPlatforms) = postSolution
		{94F1F5F2-6BC4-464B-AC51-FBDB4FA3F3AD}.Debug|Any CPU.ActiveCfg = Debug|Any CPU
		{94F1F5F2-6BC4-464B-AC51-FBDB4FA3F3AD}.Debug|Any CPU.Build.0 = Debug|Any CPU
		{94F1F5F2-6BC4-464B-AC51-FBDB4FA3F3AD}.Debug|ARM.ActiveCfg = Debug|Any CPU
		{94F1F5F2-6BC4-464B-AC51-FBDB4FA3F3AD}.Debug|ARM.Build.0 = Debug|Any CPU
		{94F1F5F2-6BC4-464B-AC51-FBDB4FA3F3AD}.Debug|x64.ActiveCfg = Debug|Any CPU
		{94F1F5F2-6BC4-464B-AC51-FBDB4FA3F3AD}.Debug|x64.Build.0 = Debug|Any CPU
		{94F1F5F2-6BC4-464B-AC51-FBDB4FA3F3AD}.Debug|x86.ActiveCfg = Debug|Any CPU
		{94F1F5F2-6BC4-464B-AC51-FBDB4FA3F3AD}.Debug|x86.Build.0 = Debug|Any CPU
		{94F1F5F2-6BC4-464B-AC51-FBDB4FA3F3AD}.Release|Any CPU.ActiveCfg = Release|Any CPU
		{94F1F5F2-6BC4-464B-AC51-FBDB4FA3F3AD}.Release|Any CPU.Build.0 = Release|Any CPU
		{94F1F5F2-6BC4-464B-AC51-FBDB4FA3F3AD}.Release|ARM.ActiveCfg = Release|Any CPU
		{94F1F5F2-6BC4-464B-AC51-FBDB4FA3F3AD}.Release|ARM.Build.0 = Release|Any CPU
		{94F1F5F2-6BC4-464B-AC51-FBDB4FA3F3AD}.Release|x64.ActiveCfg = Release|Any CPU
		{94F1F5F2-6BC4-464B-AC51-FBDB4FA3F3AD}.Release|x64.Build.0 = Release|Any CPU
		{94F1F5F2-6BC4-464B-AC51-FBDB4FA3F3AD}.Release|x86.ActiveCfg = Release|Any CPU
		{94F1F5F2-6BC4-464B-AC51-FBDB4FA3F3AD}.Release|x86.Build.0 = Release|Any CPU
		{060A9EDD-A1D8-4593-9605-F85932168B92}.Debug|Any CPU.ActiveCfg = Debug|Any CPU
		{060A9EDD-A1D8-4593-9605-F85932168B92}.Debug|Any CPU.Build.0 = Debug|Any CPU
		{060A9EDD-A1D8-4593-9605-F85932168B92}.Debug|ARM.ActiveCfg = Debug|Any CPU
		{060A9EDD-A1D8-4593-9605-F85932168B92}.Debug|ARM.Build.0 = Debug|Any CPU
		{060A9EDD-A1D8-4593-9605-F85932168B92}.Debug|x64.ActiveCfg = Debug|Any CPU
		{060A9EDD-A1D8-4593-9605-F85932168B92}.Debug|x64.Build.0 = Debug|Any CPU
		{060A9EDD-A1D8-4593-9605-F85932168B92}.Debug|x86.ActiveCfg = Debug|Any CPU
		{060A9EDD-A1D8-4593-9605-F85932168B92}.Debug|x86.Build.0 = Debug|Any CPU
		{060A9EDD-A1D8-4593-9605-F85932168B92}.Release|Any CPU.ActiveCfg = Release|Any CPU
		{060A9EDD-A1D8-4593-9605-F85932168B92}.Release|Any CPU.Build.0 = Release|Any CPU
		{060A9EDD-A1D8-4593-9605-F85932168B92}.Release|ARM.ActiveCfg = Release|Any CPU
		{060A9EDD-A1D8-4593-9605-F85932168B92}.Release|ARM.Build.0 = Release|Any CPU
		{060A9EDD-A1D8-4593-9605-F85932168B92}.Release|x64.ActiveCfg = Release|Any CPU
		{060A9EDD-A1D8-4593-9605-F85932168B92}.Release|x64.Build.0 = Release|Any CPU
		{060A9EDD-A1D8-4593-9605-F85932168B92}.Release|x86.ActiveCfg = Release|Any CPU
		{060A9EDD-A1D8-4593-9605-F85932168B92}.Release|x86.Build.0 = Release|Any CPU
		{D8A78AFB-2C88-4A10-8555-210533F769E3}.Debug|Any CPU.ActiveCfg = Debug|Any CPU
		{D8A78AFB-2C88-4A10-8555-210533F769E3}.Debug|Any CPU.Build.0 = Debug|Any CPU
		{D8A78AFB-2C88-4A10-8555-210533F769E3}.Debug|ARM.ActiveCfg = Debug|Any CPU
		{D8A78AFB-2C88-4A10-8555-210533F769E3}.Debug|ARM.Build.0 = Debug|Any CPU
		{D8A78AFB-2C88-4A10-8555-210533F769E3}.Debug|x64.ActiveCfg = Debug|Any CPU
		{D8A78AFB-2C88-4A10-8555-210533F769E3}.Debug|x64.Build.0 = Debug|Any CPU
		{D8A78AFB-2C88-4A10-8555-210533F769E3}.Debug|x86.ActiveCfg = Debug|Any CPU
		{D8A78AFB-2C88-4A10-8555-210533F769E3}.Debug|x86.Build.0 = Debug|Any CPU
		{D8A78AFB-2C88-4A10-8555-210533F769E3}.Release|Any CPU.ActiveCfg = Release|Any CPU
		{D8A78AFB-2C88-4A10-8555-210533F769E3}.Release|Any CPU.Build.0 = Release|Any CPU
		{D8A78AFB-2C88-4A10-8555-210533F769E3}.Release|ARM.ActiveCfg = Release|Any CPU
		{D8A78AFB-2C88-4A10-8555-210533F769E3}.Release|ARM.Build.0 = Release|Any CPU
		{D8A78AFB-2C88-4A10-8555-210533F769E3}.Release|x64.ActiveCfg = Release|Any CPU
		{D8A78AFB-2C88-4A10-8555-210533F769E3}.Release|x64.Build.0 = Release|Any CPU
		{D8A78AFB-2C88-4A10-8555-210533F769E3}.Release|x86.ActiveCfg = Release|Any CPU
		{D8A78AFB-2C88-4A10-8555-210533F769E3}.Release|x86.Build.0 = Release|Any CPU
		{C026FE8B-E72E-4C7B-A89A-30C2DB2F296A}.Debug|Any CPU.ActiveCfg = Debug|Any CPU
		{C026FE8B-E72E-4C7B-A89A-30C2DB2F296A}.Debug|Any CPU.Build.0 = Debug|Any CPU
		{C026FE8B-E72E-4C7B-A89A-30C2DB2F296A}.Debug|ARM.ActiveCfg = Debug|Any CPU
		{C026FE8B-E72E-4C7B-A89A-30C2DB2F296A}.Debug|ARM.Build.0 = Debug|Any CPU
		{C026FE8B-E72E-4C7B-A89A-30C2DB2F296A}.Debug|x64.ActiveCfg = Debug|Any CPU
		{C026FE8B-E72E-4C7B-A89A-30C2DB2F296A}.Debug|x64.Build.0 = Debug|Any CPU
		{C026FE8B-E72E-4C7B-A89A-30C2DB2F296A}.Debug|x86.ActiveCfg = Debug|Any CPU
		{C026FE8B-E72E-4C7B-A89A-30C2DB2F296A}.Debug|x86.Build.0 = Debug|Any CPU
		{C026FE8B-E72E-4C7B-A89A-30C2DB2F296A}.Release|Any CPU.ActiveCfg = Release|Any CPU
		{C026FE8B-E72E-4C7B-A89A-30C2DB2F296A}.Release|Any CPU.Build.0 = Release|Any CPU
		{C026FE8B-E72E-4C7B-A89A-30C2DB2F296A}.Release|ARM.ActiveCfg = Release|Any CPU
		{C026FE8B-E72E-4C7B-A89A-30C2DB2F296A}.Release|ARM.Build.0 = Release|Any CPU
		{C026FE8B-E72E-4C7B-A89A-30C2DB2F296A}.Release|x64.ActiveCfg = Release|Any CPU
		{C026FE8B-E72E-4C7B-A89A-30C2DB2F296A}.Release|x64.Build.0 = Release|Any CPU
		{C026FE8B-E72E-4C7B-A89A-30C2DB2F296A}.Release|x86.ActiveCfg = Release|Any CPU
		{C026FE8B-E72E-4C7B-A89A-30C2DB2F296A}.Release|x86.Build.0 = Release|Any CPU
		{57BC44D1-5A46-4000-851A-D858DC98867E}.Debug|Any CPU.ActiveCfg = Debug|Any CPU
		{57BC44D1-5A46-4000-851A-D858DC98867E}.Debug|Any CPU.Build.0 = Debug|Any CPU
		{57BC44D1-5A46-4000-851A-D858DC98867E}.Debug|ARM.ActiveCfg = Debug|Any CPU
		{57BC44D1-5A46-4000-851A-D858DC98867E}.Debug|ARM.Build.0 = Debug|Any CPU
		{57BC44D1-5A46-4000-851A-D858DC98867E}.Debug|x64.ActiveCfg = Debug|Any CPU
		{57BC44D1-5A46-4000-851A-D858DC98867E}.Debug|x64.Build.0 = Debug|Any CPU
		{57BC44D1-5A46-4000-851A-D858DC98867E}.Debug|x86.ActiveCfg = Debug|Any CPU
		{57BC44D1-5A46-4000-851A-D858DC98867E}.Debug|x86.Build.0 = Debug|Any CPU
		{57BC44D1-5A46-4000-851A-D858DC98867E}.Release|Any CPU.ActiveCfg = Release|Any CPU
		{57BC44D1-5A46-4000-851A-D858DC98867E}.Release|Any CPU.Build.0 = Release|Any CPU
		{57BC44D1-5A46-4000-851A-D858DC98867E}.Release|ARM.ActiveCfg = Release|Any CPU
		{57BC44D1-5A46-4000-851A-D858DC98867E}.Release|ARM.Build.0 = Release|Any CPU
		{57BC44D1-5A46-4000-851A-D858DC98867E}.Release|x64.ActiveCfg = Release|Any CPU
		{57BC44D1-5A46-4000-851A-D858DC98867E}.Release|x64.Build.0 = Release|Any CPU
		{57BC44D1-5A46-4000-851A-D858DC98867E}.Release|x86.ActiveCfg = Release|Any CPU
		{57BC44D1-5A46-4000-851A-D858DC98867E}.Release|x86.Build.0 = Release|Any CPU
		{0E6E568D-F8B5-45F1-BE02-F54E93FC2D1F}.Debug|Any CPU.ActiveCfg = Debug|Any CPU
		{0E6E568D-F8B5-45F1-BE02-F54E93FC2D1F}.Debug|Any CPU.Build.0 = Debug|Any CPU
		{0E6E568D-F8B5-45F1-BE02-F54E93FC2D1F}.Debug|ARM.ActiveCfg = Debug|Any CPU
		{0E6E568D-F8B5-45F1-BE02-F54E93FC2D1F}.Debug|ARM.Build.0 = Debug|Any CPU
		{0E6E568D-F8B5-45F1-BE02-F54E93FC2D1F}.Debug|x64.ActiveCfg = Debug|Any CPU
		{0E6E568D-F8B5-45F1-BE02-F54E93FC2D1F}.Debug|x64.Build.0 = Debug|Any CPU
		{0E6E568D-F8B5-45F1-BE02-F54E93FC2D1F}.Debug|x86.ActiveCfg = Debug|Any CPU
		{0E6E568D-F8B5-45F1-BE02-F54E93FC2D1F}.Debug|x86.Build.0 = Debug|Any CPU
		{0E6E568D-F8B5-45F1-BE02-F54E93FC2D1F}.Release|Any CPU.ActiveCfg = Release|Any CPU
		{0E6E568D-F8B5-45F1-BE02-F54E93FC2D1F}.Release|Any CPU.Build.0 = Release|Any CPU
		{0E6E568D-F8B5-45F1-BE02-F54E93FC2D1F}.Release|ARM.ActiveCfg = Release|Any CPU
		{0E6E568D-F8B5-45F1-BE02-F54E93FC2D1F}.Release|ARM.Build.0 = Release|Any CPU
		{0E6E568D-F8B5-45F1-BE02-F54E93FC2D1F}.Release|x64.ActiveCfg = Release|Any CPU
		{0E6E568D-F8B5-45F1-BE02-F54E93FC2D1F}.Release|x64.Build.0 = Release|Any CPU
		{0E6E568D-F8B5-45F1-BE02-F54E93FC2D1F}.Release|x86.ActiveCfg = Release|Any CPU
		{0E6E568D-F8B5-45F1-BE02-F54E93FC2D1F}.Release|x86.Build.0 = Release|Any CPU
	EndGlobalSection
	GlobalSection(SolutionProperties) = preSolution
		HideSolutionNode = FALSE
	EndGlobalSection
EndGlobal
